
Microsoft Visual Studio Solution File, Format Version 12.00
Project("{FAE04EC0-301F-11D3-BF4B-00C04F79EFBC}") = "clique", "clique\clique.csproj", "{27E663A7-A3E5-4334-AD78-E1284AE308F1}"
EndProject
Global
	GlobalSection(SolutionConfigurationPlatforms) = preSolution
		Debug|Any CPU = Debug|Any CPU
		Release|Any CPU = Release|Any CPU
	EndGlobalSection
	GlobalSection(ProjectConfigurationPlatforms) = postSolution
		{27E663A7-A3E5-4334-AD78-E1284AE308F1}.Debug|Any CPU.ActiveCfg = Debug|Any CPU
		{27E663A7-A3E5-4334-AD78-E1284AE308F1}.Debug|Any CPU.Build.0 = Debug|Any CPU
		{27E663A7-A3E5-4334-AD78-E1284AE308F1}.Release|Any CPU.ActiveCfg = Release|Any CPU
		{27E663A7-A3E5-4334-AD78-E1284AE308F1}.Release|Any CPU.Build.0 = Release|Any CPU
	EndGlobalSection
EndGlobal
